
Microsoft Visual Studio Solution File, Format Version 12.00
# Visual Studio Version 17
VisualStudioVersion = 17.11.35312.102
MinimumVisualStudioVersion = 10.0.40219.1
Project("{8BC9CEB8-8B4A-11D0-8D11-00A0C91BC942}") = "2D", "2D\2D.vcxproj", "{FE2280D8-5314-49BC-AE16-EE05D2556374}"
EndProject
Project("{8BC9CEB8-8B4A-11D0-8D11-00A0C91BC942}") = "RayTracing", "RayTracing\RayTracing.vcxproj", "{D57C782D-A5AD-418F-9426-A1A079DE5772}"
EndProject
Global
	GlobalSection(SolutionConfigurationPlatforms) = preSolution
		Debug|x64 = Debug|x64
		Debug|x86 = Debug|x86
		Release|x64 = Release|x64
		Release|x86 = Release|x86
	EndGlobalSection
	GlobalSection(ProjectConfigurationPlatforms) = postSolution
		{FE2280D8-5314-49BC-AE16-EE05D2556374}.Debug|x64.ActiveCfg = Debug|x64
		{FE2280D8-5314-49BC-AE16-EE05D2556374}.Debug|x64.Build.0 = Debug|x64
		{FE2280D8-5314-49BC-AE16-EE05D2556374}.Debug|x86.ActiveCfg = Debug|Win32
		{FE2280D8-5314-49BC-AE16-EE05D2556374}.Debug|x86.Build.0 = Debug|Win32
		{FE2280D8-5314-49BC-AE16-EE05D2556374}.Release|x64.ActiveCfg = Release|x64
		{FE2280D8-5314-49BC-AE16-EE05D2556374}.Release|x64.Build.0 = Release|x64
		{FE2280D8-5314-49BC-AE16-EE05D2556374}.Release|x86.ActiveCfg = Release|Win32
		{FE2280D8-5314-49BC-AE16-EE05D2556374}.Release|x86.Build.0 = Release|Win32
		{D57C782D-A5AD-418F-9426-A1A079DE5772}.Debug|x64.ActiveCfg = Debug|x64
		{D57C782D-A5AD-418F-9426-A1A079DE5772}.Debug|x64.Build.0 = Debug|x64
		{D57C782D-A5AD-418F-9426-A1A079DE5772}.Debug|x86.ActiveCfg = Debug|Win32
		{D57C782D-A5AD-418F-9426-A1A079DE5772}.Debug|x86.Build.0 = Debug|Win32
		{D57C782D-A5AD-418F-9426-A1A079DE5772}.Release|x64.ActiveCfg = Release|x64
		{D57C782D-A5AD-418F-9426-A1A079DE5772}.Release|x64.Build.0 = Release|x64
		{D57C782D-A5AD-418F-9426-A1A079DE5772}.Release|x86.ActiveCfg = Release|Win32
		{D57C782D-A5AD-418F-9426-A1A079DE5772}.Release|x86.Build.0 = Release|Win32
	EndGlobalSection
	GlobalSection(SolutionProperties) = preSolution
		HideSolutionNode = FALSE
	EndGlobalSection
	GlobalSection(ExtensibilityGlobals) = postSolution
		SolutionGuid = {C85CC767-409E-4DA9-9F74-D21DE8B40842}
	EndGlobalSection
EndGlobal
